
Microsoft Visual Studio Solution File, Format Version 12.00
# Visual Studio 15
VisualStudioVersion = 15.0.28307.271
MinimumVisualStudioVersion = 10.0.40219.1
Project("{8BC9CEB8-8B4A-11D0-8D11-00A0C91BC942}") = "10c_hw3", "10c_hw3\10c_hw3.vcxproj", "{F855088C-117E-4C06-9D95-07017295945D}"
EndProject
Global
	GlobalSection(SolutionConfigurationPlatforms) = preSolution
		Debug|x64 = Debug|x64
		Debug|x86 = Debug|x86
		Release|x64 = Release|x64
		Release|x86 = Release|x86
	EndGlobalSection
	GlobalSection(ProjectConfigurationPlatforms) = postSolution
		{F855088C-117E-4C06-9D95-07017295945D}.Debug|x64.ActiveCfg = Debug|x64
		{F855088C-117E-4C06-9D95-07017295945D}.Debug|x64.Build.0 = Debug|x64
		{F855088C-117E-4C06-9D95-07017295945D}.Debug|x86.ActiveCfg = Debug|Win32
		{F855088C-117E-4C06-9D95-07017295945D}.Debug|x86.Build.0 = Debug|Win32
		{F855088C-117E-4C06-9D95-07017295945D}.Release|x64.ActiveCfg = Release|x64
		{F855088C-117E-4C06-9D95-07017295945D}.Release|x64.Build.0 = Release|x64
		{F855088C-117E-4C06-9D95-07017295945D}.Release|x86.ActiveCfg = Release|Win32
		{F855088C-117E-4C06-9D95-07017295945D}.Release|x86.Build.0 = Release|Win32
	EndGlobalSection
	GlobalSection(SolutionProperties) = preSolution
		HideSolutionNode = FALSE
	EndGlobalSection
	GlobalSection(ExtensibilityGlobals) = postSolution
		SolutionGuid = {FDD8206F-FFCC-439B-8370-9BBF2612C633}
	EndGlobalSection
EndGlobal
